
Microsoft Visual Studio Solution File, Format Version 12.00
# Visual Studio Version 17
VisualStudioVersion = 17.3.32929.385
MinimumVisualStudioVersion = 10.0.40219.1
Project("{888888A0-9F3D-457C-B088-3A5042F75D52}") = "TwitterReplica", "TwitterReplica\TwitterReplica.pyproj", "{2CC4587D-FA51-4664-B4BC-EAC4878B1BA3}"
EndProject
Global
	GlobalSection(SolutionConfigurationPlatforms) = preSolution
		Debug|Any CPU = Debug|Any CPU
		Release|Any CPU = Release|Any CPU
	EndGlobalSection
	GlobalSection(ProjectConfigurationPlatforms) = postSolution
		{2CC4587D-FA51-4664-B4BC-EAC4878B1BA3}.Debug|Any CPU.ActiveCfg = Debug|Any CPU
		{2CC4587D-FA51-4664-B4BC-EAC4878B1BA3}.Debug|Any CPU.Build.0 = Debug|Any CPU
		{2CC4587D-FA51-4664-B4BC-EAC4878B1BA3}.Release|Any CPU.ActiveCfg = Release|Any CPU
		{2CC4587D-FA51-4664-B4BC-EAC4878B1BA3}.Release|Any CPU.Build.0 = Release|Any CPU
	EndGlobalSection
	GlobalSection(SolutionProperties) = preSolution
		HideSolutionNode = FALSE
	EndGlobalSection
	GlobalSection(ExtensibilityGlobals) = postSolution
		SolutionGuid = {3F55C79D-4C95-426E-9103-B99E87A7FF87}
	EndGlobalSection
EndGlobal
